
Microsoft Visual Studio Solution File, Format Version 12.00
# Visual Studio Version 17
VisualStudioVersion = 17.1.32421.90
MinimumVisualStudioVersion = 10.0.40219.1
Project("{FAE04EC0-301F-11D3-BF4B-00C04F79EFBC}") = "ClassList", "ClassList\ClassList.csproj", "{7340B2D9-C7AB-4669-BBDC-9FAD21965A86}"
EndProject
Global
	GlobalSection(SolutionConfigurationPlatforms) = preSolution
		Debug|Any CPU = Debug|Any CPU
		Release|Any CPU = Release|Any CPU
	EndGlobalSection
	GlobalSection(ProjectConfigurationPlatforms) = postSolution
		{7340B2D9-C7AB-4669-BBDC-9FAD21965A86}.Debug|Any CPU.ActiveCfg = Debug|Any CPU
		{7340B2D9-C7AB-4669-BBDC-9FAD21965A86}.Debug|Any CPU.Build.0 = Debug|Any CPU
		{7340B2D9-C7AB-4669-BBDC-9FAD21965A86}.Release|Any CPU.ActiveCfg = Release|Any CPU
		{7340B2D9-C7AB-4669-BBDC-9FAD21965A86}.Release|Any CPU.Build.0 = Release|Any CPU
	EndGlobalSection
	GlobalSection(SolutionProperties) = preSolution
		HideSolutionNode = FALSE
	EndGlobalSection
	GlobalSection(ExtensibilityGlobals) = postSolution
		SolutionGuid = {BEBCEC17-D320-4F3B-9B92-055E15A06634}
	EndGlobalSection
EndGlobal
